
Microsoft Visual Studio Solution File, Format Version 12.00
# Visual Studio Version 17
VisualStudioVersion = 17.0.31903.59
MinimumVisualStudioVersion = 10.0.40219.1
Project("{9A19103F-16F7-4668-BE54-9A1E7A4F7556}") = "STR.Core", "STR.Core\STR.Core.csproj", "{DCDE8138-74F7-4FF5-A52F-A90B81CA9DB8}"
EndProject
Project("{9A19103F-16F7-4668-BE54-9A1E7A4F7556}") = "STR.Core.Html", "STR.Core.Html\STR.Core.Html.csproj", "{EB10AFD1-1F21-4AC7-B957-977C1138E184}"
EndProject
Project("{9A19103F-16F7-4668-BE54-9A1E7A4F7556}") = "STR.Tests", "STR.Tests\STR.Tests.csproj", "{367876F1-F6A3-4FF0-A42B-35185EDEF23F}"
EndProject
Project("{2150E333-8FDC-42A3-9474-1A3956D46DE8}") = "SolutionItems", "SolutionItems", "{3C1E9049-FFA1-42A5-AC69-6A2954E13EFC}"
	ProjectSection(SolutionItems) = preProject
		.gitignore = .gitignore
		LICENSE = LICENSE
		README.MD = README.MD
	EndProjectSection
EndProject
Global
	GlobalSection(SolutionConfigurationPlatforms) = preSolution
		Debug|Any CPU = Debug|Any CPU
		Release|Any CPU = Release|Any CPU
	EndGlobalSection
	GlobalSection(ProjectConfigurationPlatforms) = postSolution
		{DCDE8138-74F7-4FF5-A52F-A90B81CA9DB8}.Debug|Any CPU.ActiveCfg = Debug|Any CPU
		{DCDE8138-74F7-4FF5-A52F-A90B81CA9DB8}.Debug|Any CPU.Build.0 = Debug|Any CPU
		{DCDE8138-74F7-4FF5-A52F-A90B81CA9DB8}.Release|Any CPU.ActiveCfg = Release|Any CPU
		{DCDE8138-74F7-4FF5-A52F-A90B81CA9DB8}.Release|Any CPU.Build.0 = Release|Any CPU
		{EB10AFD1-1F21-4AC7-B957-977C1138E184}.Debug|Any CPU.ActiveCfg = Debug|Any CPU
		{EB10AFD1-1F21-4AC7-B957-977C1138E184}.Debug|Any CPU.Build.0 = Debug|Any CPU
		{EB10AFD1-1F21-4AC7-B957-977C1138E184}.Release|Any CPU.ActiveCfg = Release|Any CPU
		{EB10AFD1-1F21-4AC7-B957-977C1138E184}.Release|Any CPU.Build.0 = Release|Any CPU
		{367876F1-F6A3-4FF0-A42B-35185EDEF23F}.Debug|Any CPU.ActiveCfg = Debug|Any CPU
		{367876F1-F6A3-4FF0-A42B-35185EDEF23F}.Debug|Any CPU.Build.0 = Debug|Any CPU
		{367876F1-F6A3-4FF0-A42B-35185EDEF23F}.Release|Any CPU.ActiveCfg = Release|Any CPU
		{367876F1-F6A3-4FF0-A42B-35185EDEF23F}.Release|Any CPU.Build.0 = Release|Any CPU
	EndGlobalSection
	GlobalSection(SolutionProperties) = preSolution
		HideSolutionNode = FALSE
	EndGlobalSection
	GlobalSection(ExtensibilityGlobals) = postSolution
		SolutionGuid = {7B9F06C7-4260-462D-8382-88C549316ECD}
	EndGlobalSection
EndGlobal
